
Microsoft Visual Studio Solution File, Format Version 12.00
# Visual Studio Version 16
VisualStudioVersion = 16.0.29519.181
MinimumVisualStudioVersion = 10.0.40219.1
Project("{FAE04EC0-301F-11D3-BF4B-00C04F79EFBC}") = "Manieri_Semaforo2", "Manieri_Semaforo2\Manieri_Semaforo2.csproj", "{214F9600-396A-4813-A6E3-D89DEA7050EA}"
EndProject
Global
	GlobalSection(SolutionConfigurationPlatforms) = preSolution
		Debug|Any CPU = Debug|Any CPU
		Release|Any CPU = Release|Any CPU
	EndGlobalSection
	GlobalSection(ProjectConfigurationPlatforms) = postSolution
		{214F9600-396A-4813-A6E3-D89DEA7050EA}.Debug|Any CPU.ActiveCfg = Debug|Any CPU
		{214F9600-396A-4813-A6E3-D89DEA7050EA}.Debug|Any CPU.Build.0 = Debug|Any CPU
		{214F9600-396A-4813-A6E3-D89DEA7050EA}.Release|Any CPU.ActiveCfg = Release|Any CPU
		{214F9600-396A-4813-A6E3-D89DEA7050EA}.Release|Any CPU.Build.0 = Release|Any CPU
	EndGlobalSection
	GlobalSection(SolutionProperties) = preSolution
		HideSolutionNode = FALSE
	EndGlobalSection
	GlobalSection(ExtensibilityGlobals) = postSolution
		SolutionGuid = {D62F4DBF-7543-481F-A027-42E1EF9842C9}
	EndGlobalSection
EndGlobal
